
Microsoft Visual Studio Solution File, Format Version 12.00
# Visual Studio 14
VisualStudioVersion = 14.0.25420.1
MinimumVisualStudioVersion = 10.0.40219.1
Project("{FAE04EC0-301F-11D3-BF4B-00C04F79EFBC}") = "02.Odd Occurances", "02.Odd Occurances\02.Odd Occurances.csproj", "{B70FA6EC-06D6-4B5B-BD0C-1161E3E5BDFF}"
EndProject
Project("{FAE04EC0-301F-11D3-BF4B-00C04F79EFBC}") = "04.Largest 3 Numbers", "04.Largest 3 Numbers\04.Largest 3 Numbers.csproj", "{26F87F00-21FA-43EF-9C55-A99BA5FEEBE3}"
EndProject
Project("{FAE04EC0-301F-11D3-BF4B-00C04F79EFBC}") = "01.Count Real Numbers", "01.Count Real Numbers\01.Count Real Numbers.csproj", "{D034E8B1-6850-4171-B59C-8F22F9DBCE2A}"
EndProject
Project("{FAE04EC0-301F-11D3-BF4B-00C04F79EFBC}") = "03.Math Linq", "03.Sum Min Max Average\03.Math Linq.csproj", "{AFD1AF28-470F-4CE6-A424-D0ED25FAE374}"
EndProject
Project("{FAE04EC0-301F-11D3-BF4B-00C04F79EFBC}") = "05.Short Words Sorted", "05.Short Words Sorted\05.Short Words Sorted.csproj", "{C30631E1-714A-4184-B443-EF08B62F1E09}"
EndProject
Project("{FAE04EC0-301F-11D3-BF4B-00C04F79EFBC}") = "06.Fold and Sum", "06.Fold and Sum\06.Fold and Sum.csproj", "{D30713B2-53A4-40F6-8361-AF66B2E13993}"
EndProject
Global
	GlobalSection(SolutionConfigurationPlatforms) = preSolution
		Debug|Any CPU = Debug|Any CPU
		Release|Any CPU = Release|Any CPU
	EndGlobalSection
	GlobalSection(ProjectConfigurationPlatforms) = postSolution
		{B70FA6EC-06D6-4B5B-BD0C-1161E3E5BDFF}.Debug|Any CPU.ActiveCfg = Debug|Any CPU
		{B70FA6EC-06D6-4B5B-BD0C-1161E3E5BDFF}.Debug|Any CPU.Build.0 = Debug|Any CPU
		{B70FA6EC-06D6-4B5B-BD0C-1161E3E5BDFF}.Release|Any CPU.ActiveCfg = Release|Any CPU
		{B70FA6EC-06D6-4B5B-BD0C-1161E3E5BDFF}.Release|Any CPU.Build.0 = Release|Any CPU
		{26F87F00-21FA-43EF-9C55-A99BA5FEEBE3}.Debug|Any CPU.ActiveCfg = Debug|Any CPU
		{26F87F00-21FA-43EF-9C55-A99BA5FEEBE3}.Debug|Any CPU.Build.0 = Debug|Any CPU
		{26F87F00-21FA-43EF-9C55-A99BA5FEEBE3}.Release|Any CPU.ActiveCfg = Release|Any CPU
		{26F87F00-21FA-43EF-9C55-A99BA5FEEBE3}.Release|Any CPU.Build.0 = Release|Any CPU
		{D034E8B1-6850-4171-B59C-8F22F9DBCE2A}.Debug|Any CPU.ActiveCfg = Debug|Any CPU
		{D034E8B1-6850-4171-B59C-8F22F9DBCE2A}.Debug|Any CPU.Build.0 = Debug|Any CPU
		{D034E8B1-6850-4171-B59C-8F22F9DBCE2A}.Release|Any CPU.ActiveCfg = Release|Any CPU
		{D034E8B1-6850-4171-B59C-8F22F9DBCE2A}.Release|Any CPU.Build.0 = Release|Any CPU
		{AFD1AF28-470F-4CE6-A424-D0ED25FAE374}.Debug|Any CPU.ActiveCfg = Debug|Any CPU
		{AFD1AF28-470F-4CE6-A424-D0ED25FAE374}.Debug|Any CPU.Build.0 = Debug|Any CPU
		{AFD1AF28-470F-4CE6-A424-D0ED25FAE374}.Release|Any CPU.ActiveCfg = Release|Any CPU
		{AFD1AF28-470F-4CE6-A424-D0ED25FAE374}.Release|Any CPU.Build.0 = Release|Any CPU
		{C30631E1-714A-4184-B443-EF08B62F1E09}.Debug|Any CPU.ActiveCfg = Debug|Any CPU
		{C30631E1-714A-4184-B443-EF08B62F1E09}.Debug|Any CPU.Build.0 = Debug|Any CPU
		{C30631E1-714A-4184-B443-EF08B62F1E09}.Release|Any CPU.ActiveCfg = Release|Any CPU
		{C30631E1-714A-4184-B443-EF08B62F1E09}.Release|Any CPU.Build.0 = Release|Any CPU
		{D30713B2-53A4-40F6-8361-AF66B2E13993}.Debug|Any CPU.ActiveCfg = Debug|Any CPU
		{D30713B2-53A4-40F6-8361-AF66B2E13993}.Debug|Any CPU.Build.0 = Debug|Any CPU
		{D30713B2-53A4-40F6-8361-AF66B2E13993}.Release|Any CPU.ActiveCfg = Release|Any CPU
		{D30713B2-53A4-40F6-8361-AF66B2E13993}.Release|Any CPU.Build.0 = Release|Any CPU
	EndGlobalSection
	GlobalSection(SolutionProperties) = preSolution
		HideSolutionNode = FALSE
	EndGlobalSection
EndGlobal
