
Microsoft Visual Studio Solution File, Format Version 12.00
# Visual Studio 14
VisualStudioVersion = 14.0.25420.1
MinimumVisualStudioVersion = 10.0.40219.1
Project("{FAE04EC0-301F-11D3-BF4B-00C04F79EFBC}") = "brokenCode", "brokenCode\brokenCode.csproj", "{4858FA4D-FD91-441D-A2D5-0A88AC7B8B69}"
EndProject
Project("{FAE04EC0-301F-11D3-BF4B-00C04F79EFBC}") = "09.Holidays Between Two Dates", "09.Holidays Between Two Dates\09.Holidays Between Two Dates.csproj", "{5674F7E9-FDCB-4817-8615-E6AB0EF1AD88}"
EndProject
Project("{FAE04EC0-301F-11D3-BF4B-00C04F79EFBC}") = "10.Price Change Alert", "10.Price Change Alert\10.Price Change Alert.csproj", "{6810E09B-CFC6-4FE8-9F8B-8B67FE7F9F2F}"
EndProject
Global
	GlobalSection(SolutionConfigurationPlatforms) = preSolution
		Debug|Any CPU = Debug|Any CPU
		Release|Any CPU = Release|Any CPU
	EndGlobalSection
	GlobalSection(ProjectConfigurationPlatforms) = postSolution
		{4858FA4D-FD91-441D-A2D5-0A88AC7B8B69}.Debug|Any CPU.ActiveCfg = Debug|Any CPU
		{4858FA4D-FD91-441D-A2D5-0A88AC7B8B69}.Debug|Any CPU.Build.0 = Debug|Any CPU
		{4858FA4D-FD91-441D-A2D5-0A88AC7B8B69}.Release|Any CPU.ActiveCfg = Release|Any CPU
		{4858FA4D-FD91-441D-A2D5-0A88AC7B8B69}.Release|Any CPU.Build.0 = Release|Any CPU
		{5674F7E9-FDCB-4817-8615-E6AB0EF1AD88}.Debug|Any CPU.ActiveCfg = Debug|Any CPU
		{5674F7E9-FDCB-4817-8615-E6AB0EF1AD88}.Debug|Any CPU.Build.0 = Debug|Any CPU
		{5674F7E9-FDCB-4817-8615-E6AB0EF1AD88}.Release|Any CPU.ActiveCfg = Release|Any CPU
		{5674F7E9-FDCB-4817-8615-E6AB0EF1AD88}.Release|Any CPU.Build.0 = Release|Any CPU
		{6810E09B-CFC6-4FE8-9F8B-8B67FE7F9F2F}.Debug|Any CPU.ActiveCfg = Debug|Any CPU
		{6810E09B-CFC6-4FE8-9F8B-8B67FE7F9F2F}.Debug|Any CPU.Build.0 = Debug|Any CPU
		{6810E09B-CFC6-4FE8-9F8B-8B67FE7F9F2F}.Release|Any CPU.ActiveCfg = Release|Any CPU
		{6810E09B-CFC6-4FE8-9F8B-8B67FE7F9F2F}.Release|Any CPU.Build.0 = Release|Any CPU
	EndGlobalSection
	GlobalSection(SolutionProperties) = preSolution
		HideSolutionNode = FALSE
	EndGlobalSection
EndGlobal
