
Microsoft Visual Studio Solution File, Format Version 12.00
# Visual Studio 14
VisualStudioVersion = 14.0.25420.1
MinimumVisualStudioVersion = 10.0.40219.1
Project("{FAE04EC0-301F-11D3-BF4B-00C04F79EFBC}") = "01.Blank Receipt", "01.Blank Receipt\01.Blank Receipt.csproj", "{FD3D503E-4646-4C67-A1EB-7ED1A9707CF4}"
EndProject
Project("{FAE04EC0-301F-11D3-BF4B-00C04F79EFBC}") = "02. Sign of Integer Number", "02. Sign of Integer Number\02. Sign of Integer Number.csproj", "{B70BC9A5-49A7-4915-A4C4-95892F5B75A2}"
EndProject
Project("{FAE04EC0-301F-11D3-BF4B-00C04F79EFBC}") = "03.Printing Triangle", "03.Printing Triangle\03.Printing Triangle.csproj", "{EAB35D1D-95F7-4639-8549-B5EC156FCCA4}"
EndProject
Project("{FAE04EC0-301F-11D3-BF4B-00C04F79EFBC}") = "04.Draw a Filled Square", "04.Draw a Filled Square\04.Draw a Filled Square.csproj", "{97E925A5-379C-41CC-9500-71304EC1838A}"
EndProject
Project("{FAE04EC0-301F-11D3-BF4B-00C04F79EFBC}") = "05.Calculate Triangle Area", "05.Calculate Triangle Area\05.Calculate Triangle Area.csproj", "{97291A0E-56E7-4083-9DD3-9E9648CE9F33}"
EndProject
Project("{FAE04EC0-301F-11D3-BF4B-00C04F79EFBC}") = "06.Math Power", "06.Math Power\06.Math Power.csproj", "{EC9398DF-C2F9-4BCD-9F8B-4F04A97EFE57}"
EndProject
Project("{FAE04EC0-301F-11D3-BF4B-00C04F79EFBC}") = "07.Greater Of Two Values", "07.Greater Of Two Values\07.Greater Of Two Values.csproj", "{6E16D4EE-11D0-4D55-BFAC-F7C1AE55DDE7}"
EndProject
Project("{FAE04EC0-301F-11D3-BF4B-00C04F79EFBC}") = "08.Multiply Evens By Odds", "08.Multiply Evens By Odds\08.Multiply Evens By Odds.csproj", "{33EE7667-B5E8-4B7C-9297-94D938B1B2C4}"
EndProject
Global
	GlobalSection(SolutionConfigurationPlatforms) = preSolution
		Debug|Any CPU = Debug|Any CPU
		Release|Any CPU = Release|Any CPU
	EndGlobalSection
	GlobalSection(ProjectConfigurationPlatforms) = postSolution
		{FD3D503E-4646-4C67-A1EB-7ED1A9707CF4}.Debug|Any CPU.ActiveCfg = Debug|Any CPU
		{FD3D503E-4646-4C67-A1EB-7ED1A9707CF4}.Debug|Any CPU.Build.0 = Debug|Any CPU
		{FD3D503E-4646-4C67-A1EB-7ED1A9707CF4}.Release|Any CPU.ActiveCfg = Release|Any CPU
		{FD3D503E-4646-4C67-A1EB-7ED1A9707CF4}.Release|Any CPU.Build.0 = Release|Any CPU
		{B70BC9A5-49A7-4915-A4C4-95892F5B75A2}.Debug|Any CPU.ActiveCfg = Debug|Any CPU
		{B70BC9A5-49A7-4915-A4C4-95892F5B75A2}.Debug|Any CPU.Build.0 = Debug|Any CPU
		{B70BC9A5-49A7-4915-A4C4-95892F5B75A2}.Release|Any CPU.ActiveCfg = Release|Any CPU
		{B70BC9A5-49A7-4915-A4C4-95892F5B75A2}.Release|Any CPU.Build.0 = Release|Any CPU
		{EAB35D1D-95F7-4639-8549-B5EC156FCCA4}.Debug|Any CPU.ActiveCfg = Debug|Any CPU
		{EAB35D1D-95F7-4639-8549-B5EC156FCCA4}.Debug|Any CPU.Build.0 = Debug|Any CPU
		{EAB35D1D-95F7-4639-8549-B5EC156FCCA4}.Release|Any CPU.ActiveCfg = Release|Any CPU
		{EAB35D1D-95F7-4639-8549-B5EC156FCCA4}.Release|Any CPU.Build.0 = Release|Any CPU
		{97E925A5-379C-41CC-9500-71304EC1838A}.Debug|Any CPU.ActiveCfg = Debug|Any CPU
		{97E925A5-379C-41CC-9500-71304EC1838A}.Debug|Any CPU.Build.0 = Debug|Any CPU
		{97E925A5-379C-41CC-9500-71304EC1838A}.Release|Any CPU.ActiveCfg = Release|Any CPU
		{97E925A5-379C-41CC-9500-71304EC1838A}.Release|Any CPU.Build.0 = Release|Any CPU
		{97291A0E-56E7-4083-9DD3-9E9648CE9F33}.Debug|Any CPU.ActiveCfg = Debug|Any CPU
		{97291A0E-56E7-4083-9DD3-9E9648CE9F33}.Debug|Any CPU.Build.0 = Debug|Any CPU
		{97291A0E-56E7-4083-9DD3-9E9648CE9F33}.Release|Any CPU.ActiveCfg = Release|Any CPU
		{97291A0E-56E7-4083-9DD3-9E9648CE9F33}.Release|Any CPU.Build.0 = Release|Any CPU
		{EC9398DF-C2F9-4BCD-9F8B-4F04A97EFE57}.Debug|Any CPU.ActiveCfg = Debug|Any CPU
		{EC9398DF-C2F9-4BCD-9F8B-4F04A97EFE57}.Debug|Any CPU.Build.0 = Debug|Any CPU
		{EC9398DF-C2F9-4BCD-9F8B-4F04A97EFE57}.Release|Any CPU.ActiveCfg = Release|Any CPU
		{EC9398DF-C2F9-4BCD-9F8B-4F04A97EFE57}.Release|Any CPU.Build.0 = Release|Any CPU
		{6E16D4EE-11D0-4D55-BFAC-F7C1AE55DDE7}.Debug|Any CPU.ActiveCfg = Debug|Any CPU
		{6E16D4EE-11D0-4D55-BFAC-F7C1AE55DDE7}.Debug|Any CPU.Build.0 = Debug|Any CPU
		{6E16D4EE-11D0-4D55-BFAC-F7C1AE55DDE7}.Release|Any CPU.ActiveCfg = Release|Any CPU
		{6E16D4EE-11D0-4D55-BFAC-F7C1AE55DDE7}.Release|Any CPU.Build.0 = Release|Any CPU
		{33EE7667-B5E8-4B7C-9297-94D938B1B2C4}.Debug|Any CPU.ActiveCfg = Debug|Any CPU
		{33EE7667-B5E8-4B7C-9297-94D938B1B2C4}.Debug|Any CPU.Build.0 = Debug|Any CPU
		{33EE7667-B5E8-4B7C-9297-94D938B1B2C4}.Release|Any CPU.ActiveCfg = Release|Any CPU
		{33EE7667-B5E8-4B7C-9297-94D938B1B2C4}.Release|Any CPU.Build.0 = Release|Any CPU
	EndGlobalSection
	GlobalSection(SolutionProperties) = preSolution
		HideSolutionNode = FALSE
	EndGlobalSection
EndGlobal
